
Microsoft Visual Studio Solution File, Format Version 12.00
# Visual Studio Version 17
VisualStudioVersion = 17.2.32602.215
MinimumVisualStudioVersion = 10.0.40219.1
Project("{FAE04EC0-301F-11D3-BF4B-00C04F79EFBC}") = "CrudOperation", "CrudOperation\CrudOperation.csproj", "{5933FC23-7CD6-4A83-8BBA-31343AF47B08}"
EndProject
Global
	GlobalSection(SolutionConfigurationPlatforms) = preSolution
		Debug|Any CPU = Debug|Any CPU
		Release|Any CPU = Release|Any CPU
	EndGlobalSection
	GlobalSection(ProjectConfigurationPlatforms) = postSolution
		{5933FC23-7CD6-4A83-8BBA-31343AF47B08}.Debug|Any CPU.ActiveCfg = Debug|Any CPU
		{5933FC23-7CD6-4A83-8BBA-31343AF47B08}.Debug|Any CPU.Build.0 = Debug|Any CPU
		{5933FC23-7CD6-4A83-8BBA-31343AF47B08}.Release|Any CPU.ActiveCfg = Release|Any CPU
		{5933FC23-7CD6-4A83-8BBA-31343AF47B08}.Release|Any CPU.Build.0 = Release|Any CPU
	EndGlobalSection
	GlobalSection(SolutionProperties) = preSolution
		HideSolutionNode = FALSE
	EndGlobalSection
	GlobalSection(ExtensibilityGlobals) = postSolution
		SolutionGuid = {FED6D8D0-0DDA-4760-9E18-FABB0AB04BEE}
	EndGlobalSection
EndGlobal
