
Microsoft Visual Studio Solution File, Format Version 12.00
# Visual Studio Version 17
VisualStudioVersion = 17.2.32602.215
MinimumVisualStudioVersion = 10.0.40219.1
Project("{FAE04EC0-301F-11D3-BF4B-00C04F79EFBC}") = "SoapAPI", "SoapAPI\SoapAPI.csproj", "{7E7C3C78-03D5-4DA6-803A-B11244564627}"
EndProject
Global
	GlobalSection(SolutionConfigurationPlatforms) = preSolution
		Debug|Any CPU = Debug|Any CPU
		Release|Any CPU = Release|Any CPU
	EndGlobalSection
	GlobalSection(ProjectConfigurationPlatforms) = postSolution
		{7E7C3C78-03D5-4DA6-803A-B11244564627}.Debug|Any CPU.ActiveCfg = Debug|Any CPU
		{7E7C3C78-03D5-4DA6-803A-B11244564627}.Debug|Any CPU.Build.0 = Debug|Any CPU
		{7E7C3C78-03D5-4DA6-803A-B11244564627}.Release|Any CPU.ActiveCfg = Release|Any CPU
		{7E7C3C78-03D5-4DA6-803A-B11244564627}.Release|Any CPU.Build.0 = Release|Any CPU
	EndGlobalSection
	GlobalSection(SolutionProperties) = preSolution
		HideSolutionNode = FALSE
	EndGlobalSection
	GlobalSection(ExtensibilityGlobals) = postSolution
		SolutionGuid = {546F309C-66B3-47F4-950A-8523E6A5D689}
	EndGlobalSection
EndGlobal
