
Microsoft Visual Studio Solution File, Format Version 12.00
# Visual Studio Version 17
VisualStudioVersion = 17.2.32602.215
MinimumVisualStudioVersion = 10.0.40219.1
Project("{FAE04EC0-301F-11D3-BF4B-00C04F79EFBC}") = "RestApi Crud Demo", "RestApi Crud Demo\RestApi Crud Demo.csproj", "{805DD20F-31D2-48FE-B1B4-77847D2669C8}"
EndProject
Global
	GlobalSection(SolutionConfigurationPlatforms) = preSolution
		Debug|Any CPU = Debug|Any CPU
		Release|Any CPU = Release|Any CPU
	EndGlobalSection
	GlobalSection(ProjectConfigurationPlatforms) = postSolution
		{805DD20F-31D2-48FE-B1B4-77847D2669C8}.Debug|Any CPU.ActiveCfg = Debug|Any CPU
		{805DD20F-31D2-48FE-B1B4-77847D2669C8}.Debug|Any CPU.Build.0 = Debug|Any CPU
		{805DD20F-31D2-48FE-B1B4-77847D2669C8}.Release|Any CPU.ActiveCfg = Release|Any CPU
		{805DD20F-31D2-48FE-B1B4-77847D2669C8}.Release|Any CPU.Build.0 = Release|Any CPU
	EndGlobalSection
	GlobalSection(SolutionProperties) = preSolution
		HideSolutionNode = FALSE
	EndGlobalSection
	GlobalSection(ExtensibilityGlobals) = postSolution
		SolutionGuid = {06D034B3-C5E0-4203-815C-4F6357CC6691}
	EndGlobalSection
EndGlobal
