
Microsoft Visual Studio Solution File, Format Version 12.00
# Visual Studio Version 17
VisualStudioVersion = 17.2.32602.215
MinimumVisualStudioVersion = 10.0.40219.1
Project("{FAE04EC0-301F-11D3-BF4B-00C04F79EFBC}") = "RestApiTest", "RestApiTest\RestApiTest.csproj", "{1153F9AD-0B63-4AA4-9C07-CE9C9E5A0008}"
EndProject
Global
	GlobalSection(SolutionConfigurationPlatforms) = preSolution
		Debug|Any CPU = Debug|Any CPU
		Release|Any CPU = Release|Any CPU
	EndGlobalSection
	GlobalSection(ProjectConfigurationPlatforms) = postSolution
		{1153F9AD-0B63-4AA4-9C07-CE9C9E5A0008}.Debug|Any CPU.ActiveCfg = Debug|Any CPU
		{1153F9AD-0B63-4AA4-9C07-CE9C9E5A0008}.Debug|Any CPU.Build.0 = Debug|Any CPU
		{1153F9AD-0B63-4AA4-9C07-CE9C9E5A0008}.Release|Any CPU.ActiveCfg = Release|Any CPU
		{1153F9AD-0B63-4AA4-9C07-CE9C9E5A0008}.Release|Any CPU.Build.0 = Release|Any CPU
	EndGlobalSection
	GlobalSection(SolutionProperties) = preSolution
		HideSolutionNode = FALSE
	EndGlobalSection
	GlobalSection(ExtensibilityGlobals) = postSolution
		SolutionGuid = {95BEB23A-9526-4BD8-B651-5F4B623EE1A3}
	EndGlobalSection
EndGlobal
