
Microsoft Visual Studio Solution File, Format Version 12.00
# Visual Studio Version 17
VisualStudioVersion = 17.2.32602.215
MinimumVisualStudioVersion = 10.0.40219.1
Project("{FAE04EC0-301F-11D3-BF4B-00C04F79EFBC}") = "eLearningProject", "eLearningProject\eLearningProject.csproj", "{FBC1FA0E-7620-4758-B3D2-2E54800FCD69}"
EndProject
Global
	GlobalSection(SolutionConfigurationPlatforms) = preSolution
		Debug|Any CPU = Debug|Any CPU
		Release|Any CPU = Release|Any CPU
	EndGlobalSection
	GlobalSection(ProjectConfigurationPlatforms) = postSolution
		{FBC1FA0E-7620-4758-B3D2-2E54800FCD69}.Debug|Any CPU.ActiveCfg = Debug|Any CPU
		{FBC1FA0E-7620-4758-B3D2-2E54800FCD69}.Debug|Any CPU.Build.0 = Debug|Any CPU
		{FBC1FA0E-7620-4758-B3D2-2E54800FCD69}.Release|Any CPU.ActiveCfg = Release|Any CPU
		{FBC1FA0E-7620-4758-B3D2-2E54800FCD69}.Release|Any CPU.Build.0 = Release|Any CPU
	EndGlobalSection
	GlobalSection(SolutionProperties) = preSolution
		HideSolutionNode = FALSE
	EndGlobalSection
	GlobalSection(ExtensibilityGlobals) = postSolution
		SolutionGuid = {4171734A-732F-43DC-BCC5-CB1E650A986E}
	EndGlobalSection
EndGlobal
