
Microsoft Visual Studio Solution File, Format Version 12.00
# Visual Studio Version 17
VisualStudioVersion = 17.2.32602.215
MinimumVisualStudioVersion = 10.0.40219.1
Project("{FAE04EC0-301F-11D3-BF4B-00C04F79EFBC}") = "TokenAuthenticationAPI", "TokenAuthenticationAPI\TokenAuthenticationAPI.csproj", "{B585F8BE-722D-4366-B3B2-D9E17E14008A}"
EndProject
Global
	GlobalSection(SolutionConfigurationPlatforms) = preSolution
		Debug|Any CPU = Debug|Any CPU
		Release|Any CPU = Release|Any CPU
	EndGlobalSection
	GlobalSection(ProjectConfigurationPlatforms) = postSolution
		{B585F8BE-722D-4366-B3B2-D9E17E14008A}.Debug|Any CPU.ActiveCfg = Debug|Any CPU
		{B585F8BE-722D-4366-B3B2-D9E17E14008A}.Debug|Any CPU.Build.0 = Debug|Any CPU
		{B585F8BE-722D-4366-B3B2-D9E17E14008A}.Release|Any CPU.ActiveCfg = Release|Any CPU
		{B585F8BE-722D-4366-B3B2-D9E17E14008A}.Release|Any CPU.Build.0 = Release|Any CPU
	EndGlobalSection
	GlobalSection(SolutionProperties) = preSolution
		HideSolutionNode = FALSE
	EndGlobalSection
	GlobalSection(ExtensibilityGlobals) = postSolution
		SolutionGuid = {D9DDB3F7-D3BA-4A79-8836-69B5070248E5}
	EndGlobalSection
EndGlobal
