
Microsoft Visual Studio Solution File, Format Version 12.00
# Visual Studio Version 17
VisualStudioVersion = 17.2.32602.215
MinimumVisualStudioVersion = 10.0.40219.1
Project("{FAE04EC0-301F-11D3-BF4B-00C04F79EFBC}") = "RestApi-crud", "RestApi-crud\RestApi-crud.csproj", "{68B3ABBE-E72E-4FD3-A9E7-8E7BC7F6CEE2}"
EndProject
Global
	GlobalSection(SolutionConfigurationPlatforms) = preSolution
		Debug|Any CPU = Debug|Any CPU
		Release|Any CPU = Release|Any CPU
	EndGlobalSection
	GlobalSection(ProjectConfigurationPlatforms) = postSolution
		{68B3ABBE-E72E-4FD3-A9E7-8E7BC7F6CEE2}.Debug|Any CPU.ActiveCfg = Debug|Any CPU
		{68B3ABBE-E72E-4FD3-A9E7-8E7BC7F6CEE2}.Debug|Any CPU.Build.0 = Debug|Any CPU
		{68B3ABBE-E72E-4FD3-A9E7-8E7BC7F6CEE2}.Release|Any CPU.ActiveCfg = Release|Any CPU
		{68B3ABBE-E72E-4FD3-A9E7-8E7BC7F6CEE2}.Release|Any CPU.Build.0 = Release|Any CPU
	EndGlobalSection
	GlobalSection(SolutionProperties) = preSolution
		HideSolutionNode = FALSE
	EndGlobalSection
	GlobalSection(ExtensibilityGlobals) = postSolution
		SolutionGuid = {088078CC-024B-4616-9832-4F9FD738CC28}
	EndGlobalSection
EndGlobal
