
Microsoft Visual Studio Solution File, Format Version 12.00
# Visual Studio Version 17
VisualStudioVersion = 17.2.32602.215
MinimumVisualStudioVersion = 10.0.40219.1
Project("{FAE04EC0-301F-11D3-BF4B-00C04F79EFBC}") = "addMigration", "addMigration\addMigration.csproj", "{690DE1A2-2478-4270-B47D-8D39EF296872}"
EndProject
Global
	GlobalSection(SolutionConfigurationPlatforms) = preSolution
		Debug|Any CPU = Debug|Any CPU
		Release|Any CPU = Release|Any CPU
	EndGlobalSection
	GlobalSection(ProjectConfigurationPlatforms) = postSolution
		{690DE1A2-2478-4270-B47D-8D39EF296872}.Debug|Any CPU.ActiveCfg = Debug|Any CPU
		{690DE1A2-2478-4270-B47D-8D39EF296872}.Debug|Any CPU.Build.0 = Debug|Any CPU
		{690DE1A2-2478-4270-B47D-8D39EF296872}.Release|Any CPU.ActiveCfg = Release|Any CPU
		{690DE1A2-2478-4270-B47D-8D39EF296872}.Release|Any CPU.Build.0 = Release|Any CPU
	EndGlobalSection
	GlobalSection(SolutionProperties) = preSolution
		HideSolutionNode = FALSE
	EndGlobalSection
	GlobalSection(ExtensibilityGlobals) = postSolution
		SolutionGuid = {2B75A8B3-54E1-4138-94B6-CC3C03E51F37}
	EndGlobalSection
EndGlobal
