
Microsoft Visual Studio Solution File, Format Version 12.00
# Visual Studio Version 17
VisualStudioVersion = 17.2.32602.215
MinimumVisualStudioVersion = 10.0.40219.1
Project("{FAE04EC0-301F-11D3-BF4B-00C04F79EFBC}") = "ThreeTier", "ThreeTier\ThreeTier.csproj", "{ABDF9E98-FD17-44D6-B039-F7D2DE8736D0}"
EndProject
Global
	GlobalSection(SolutionConfigurationPlatforms) = preSolution
		Debug|Any CPU = Debug|Any CPU
		Release|Any CPU = Release|Any CPU
	EndGlobalSection
	GlobalSection(ProjectConfigurationPlatforms) = postSolution
		{ABDF9E98-FD17-44D6-B039-F7D2DE8736D0}.Debug|Any CPU.ActiveCfg = Debug|Any CPU
		{ABDF9E98-FD17-44D6-B039-F7D2DE8736D0}.Debug|Any CPU.Build.0 = Debug|Any CPU
		{ABDF9E98-FD17-44D6-B039-F7D2DE8736D0}.Release|Any CPU.ActiveCfg = Release|Any CPU
		{ABDF9E98-FD17-44D6-B039-F7D2DE8736D0}.Release|Any CPU.Build.0 = Release|Any CPU
	EndGlobalSection
	GlobalSection(SolutionProperties) = preSolution
		HideSolutionNode = FALSE
	EndGlobalSection
	GlobalSection(ExtensibilityGlobals) = postSolution
		SolutionGuid = {828E71C6-4D63-447B-BAA2-DA64637A933D}
	EndGlobalSection
EndGlobal
